
Microsoft Visual Studio Solution File, Format Version 12.00
# Visual Studio 15
VisualStudioVersion = 15.0.26730.16
MinimumVisualStudioVersion = 10.0.40219.1
Project("{FAE04EC0-301F-11D3-BF4B-00C04F79EFBC}") = "VS_Git", "VS_Git\VS_Git.csproj", "{4E0506BA-26F5-47BE-BA25-64437FE68C3D}"
EndProject
Global
	GlobalSection(SolutionConfigurationPlatforms) = preSolution
		Debug|Any CPU = Debug|Any CPU
		Release|Any CPU = Release|Any CPU
	EndGlobalSection
	GlobalSection(ProjectConfigurationPlatforms) = postSolution
		{4E0506BA-26F5-47BE-BA25-64437FE68C3D}.Debug|Any CPU.ActiveCfg = Debug|Any CPU
		{4E0506BA-26F5-47BE-BA25-64437FE68C3D}.Debug|Any CPU.Build.0 = Debug|Any CPU
		{4E0506BA-26F5-47BE-BA25-64437FE68C3D}.Release|Any CPU.ActiveCfg = Release|Any CPU
		{4E0506BA-26F5-47BE-BA25-64437FE68C3D}.Release|Any CPU.Build.0 = Release|Any CPU
	EndGlobalSection
	GlobalSection(SolutionProperties) = preSolution
		HideSolutionNode = FALSE
	EndGlobalSection
	GlobalSection(ExtensibilityGlobals) = postSolution
		SolutionGuid = {34B292CD-AD12-4A9F-BDD5-11A95DD7CB0E}
	EndGlobalSection
EndGlobal
